
Microsoft Visual Studio Solution File, Format Version 12.00
# Visual Studio Version 17
VisualStudioVersion = 17.5.33530.505
MinimumVisualStudioVersion = 10.0.40219.1
Project("{2150E333-8FDC-42A3-9474-1A3956D46DE8}") = "Launchers", "Launchers", "{F22F8C23-47E0-4134-A905-207A3E700A9E}"
EndProject
Project("{2150E333-8FDC-42A3-9474-1A3956D46DE8}") = "Mod", "Mod", "{8EE062AD-CAD4-4B30-BFEE-72A748B96AA4}"
EndProject
Project("{2150E333-8FDC-42A3-9474-1A3956D46DE8}") = "Documentation", "Documentation", "{3633A4A6-E7AA-4344-863A-74CBD1B3BCBF}"
	ProjectSection(SolutionItems) = preProject
		docs\LICENCE.md = docs\LICENCE.md
		docs\README.md = docs\README.md
	EndProjectSection
EndProject
Project("{9A19103F-16F7-4668-BE54-9A1E7A4F7556}") = "NeverWinter", "src\NeverWinter\NeverWinter.csproj", "{F5FD35FB-9E2F-42E1-B436-7A348FE17CD7}"
EndProject
Project("{9A19103F-16F7-4668-BE54-9A1E7A4F7556}") = "ClientLauncher", "..\..\..\CoreClrLauncher\src\ClientLauncher\ClientLauncher.csproj", "{3F22CAA7-E68D-47FD-BB9A-E463A541FEAB}"
	ProjectSection(ProjectDependencies) = postProject
		{F5FD35FB-9E2F-42E1-B436-7A348FE17CD7} = {F5FD35FB-9E2F-42E1-B436-7A348FE17CD7}
	EndProjectSection
EndProject
Project("{9A19103F-16F7-4668-BE54-9A1E7A4F7556}") = "Gantry", "..\..\..\Gantry\src\Gantry\Gantry.csproj", "{474A5139-86B1-4339-957B-C9B6E07A5788}"
EndProject
Project("{2150E333-8FDC-42A3-9474-1A3956D46DE8}") = "Core", "Core", "{54F3B226-4398-4FEC-9E7B-CC305FDD01D3}"
EndProject
Project("{2150E333-8FDC-42A3-9474-1A3956D46DE8}") = "Build", "Build", "{641F0507-08B5-490B-8EB5-3A66F764F765}"
EndProject
Global
	GlobalSection(SolutionConfigurationPlatforms) = preSolution
		Debug|Any CPU = Debug|Any CPU
		Launch Server|Any CPU = Launch Server|Any CPU
		Package|Any CPU = Package|Any CPU
		Release|Any CPU = Release|Any CPU
	EndGlobalSection
	GlobalSection(ProjectConfigurationPlatforms) = postSolution
		{F5FD35FB-9E2F-42E1-B436-7A348FE17CD7}.Debug|Any CPU.ActiveCfg = Debug|Any CPU
		{F5FD35FB-9E2F-42E1-B436-7A348FE17CD7}.Debug|Any CPU.Build.0 = Debug|Any CPU
		{F5FD35FB-9E2F-42E1-B436-7A348FE17CD7}.Launch Server|Any CPU.ActiveCfg = Release|Any CPU
		{F5FD35FB-9E2F-42E1-B436-7A348FE17CD7}.Launch Server|Any CPU.Build.0 = Release|Any CPU
		{F5FD35FB-9E2F-42E1-B436-7A348FE17CD7}.Package|Any CPU.ActiveCfg = Package|Any CPU
		{F5FD35FB-9E2F-42E1-B436-7A348FE17CD7}.Package|Any CPU.Build.0 = Package|Any CPU
		{F5FD35FB-9E2F-42E1-B436-7A348FE17CD7}.Release|Any CPU.ActiveCfg = Release|Any CPU
		{F5FD35FB-9E2F-42E1-B436-7A348FE17CD7}.Release|Any CPU.Build.0 = Release|Any CPU
		{3F22CAA7-E68D-47FD-BB9A-E463A541FEAB}.Debug|Any CPU.ActiveCfg = Debug|Any CPU
		{3F22CAA7-E68D-47FD-BB9A-E463A541FEAB}.Debug|Any CPU.Build.0 = Debug|Any CPU
		{3F22CAA7-E68D-47FD-BB9A-E463A541FEAB}.Launch Server|Any CPU.ActiveCfg = Debug|Any CPU
		{3F22CAA7-E68D-47FD-BB9A-E463A541FEAB}.Launch Server|Any CPU.Build.0 = Debug|Any CPU
		{3F22CAA7-E68D-47FD-BB9A-E463A541FEAB}.Package|Any CPU.ActiveCfg = Package|Any CPU
		{3F22CAA7-E68D-47FD-BB9A-E463A541FEAB}.Package|Any CPU.Build.0 = Package|Any CPU
		{3F22CAA7-E68D-47FD-BB9A-E463A541FEAB}.Release|Any CPU.ActiveCfg = Release|Any CPU
		{3F22CAA7-E68D-47FD-BB9A-E463A541FEAB}.Release|Any CPU.Build.0 = Release|Any CPU
		{474A5139-86B1-4339-957B-C9B6E07A5788}.Debug|Any CPU.ActiveCfg = Debug|Any CPU
		{474A5139-86B1-4339-957B-C9B6E07A5788}.Debug|Any CPU.Build.0 = Debug|Any CPU
		{474A5139-86B1-4339-957B-C9B6E07A5788}.Launch Server|Any CPU.ActiveCfg = Debug|Any CPU
		{474A5139-86B1-4339-957B-C9B6E07A5788}.Launch Server|Any CPU.Build.0 = Debug|Any CPU
		{474A5139-86B1-4339-957B-C9B6E07A5788}.Package|Any CPU.ActiveCfg = Debug|Any CPU
		{474A5139-86B1-4339-957B-C9B6E07A5788}.Package|Any CPU.Build.0 = Debug|Any CPU
		{474A5139-86B1-4339-957B-C9B6E07A5788}.Release|Any CPU.ActiveCfg = Release|Any CPU
		{474A5139-86B1-4339-957B-C9B6E07A5788}.Release|Any CPU.Build.0 = Release|Any CPU
	EndGlobalSection
	GlobalSection(SolutionProperties) = preSolution
		HideSolutionNode = FALSE
	EndGlobalSection
	GlobalSection(NestedProjects) = preSolution
		{F5FD35FB-9E2F-42E1-B436-7A348FE17CD7} = {8EE062AD-CAD4-4B30-BFEE-72A748B96AA4}
		{3F22CAA7-E68D-47FD-BB9A-E463A541FEAB} = {F22F8C23-47E0-4134-A905-207A3E700A9E}
		{474A5139-86B1-4339-957B-C9B6E07A5788} = {54F3B226-4398-4FEC-9E7B-CC305FDD01D3}
		{641F0507-08B5-490B-8EB5-3A66F764F765} = {8EE062AD-CAD4-4B30-BFEE-72A748B96AA4}
	EndGlobalSection
	GlobalSection(ExtensibilityGlobals) = postSolution
		SolutionGuid = {603A1432-7DAA-410C-9259-CBD9DB944EF3}
	EndGlobalSection
EndGlobal
